
Microsoft Visual Studio Solution File, Format Version 12.00
# Visual Studio Version 17
VisualStudioVersion = 17.5.33516.290
MinimumVisualStudioVersion = 10.0.40219.1
Project("{FAE04EC0-301F-11D3-BF4B-00C04F79EFBC}") = "TaskManager", "TaskManager\TaskManager.csproj", "{7A4F4D9A-C284-4424-8220-CBD6E56C5389}"
EndProject
Global
	GlobalSection(SolutionConfigurationPlatforms) = preSolution
		Debug|Any CPU = Debug|Any CPU
		Release|Any CPU = Release|Any CPU
	EndGlobalSection
	GlobalSection(ProjectConfigurationPlatforms) = postSolution
		{7A4F4D9A-C284-4424-8220-CBD6E56C5389}.Debug|Any CPU.ActiveCfg = Debug|Any CPU
		{7A4F4D9A-C284-4424-8220-CBD6E56C5389}.Debug|Any CPU.Build.0 = Debug|Any CPU
		{7A4F4D9A-C284-4424-8220-CBD6E56C5389}.Release|Any CPU.ActiveCfg = Release|Any CPU
		{7A4F4D9A-C284-4424-8220-CBD6E56C5389}.Release|Any CPU.Build.0 = Release|Any CPU
	EndGlobalSection
	GlobalSection(SolutionProperties) = preSolution
		HideSolutionNode = FALSE
	EndGlobalSection
	GlobalSection(ExtensibilityGlobals) = postSolution
		SolutionGuid = {DD177A45-DE66-49F4-9F9B-E075F85D4FC1}
	EndGlobalSection
EndGlobal
